<?xml version="1.0" encoding="utf-8"?>
<Project ToolsVersion="4.0" xmlns="http://schemas.microsoft.com/developer/msbuild/2003">
  <ItemGroup>
    <ClCompile Include="pch.cpp" />
    <ClCompile Include="..\TestComponent.cpp" />
    <ClCompile Include="..\TestEntity.cpp" />
    <ClCompile Include="..\TestInputSystem.cpp" />
    <ClCompile Include="..\TestSystem.cpp" />
    <ClCompile Include="..\TestWorld.cpp" />
  </ItemGroup>
  <ItemGroup>
    <ClInclude Include="pch.h" />
  </ItemGroup>
</Project>